
Microsoft Visual Studio Solution File, Format Version 12.00
# Visual Studio Version 16
VisualStudioVersion = 16.0.33423.256
MinimumVisualStudioVersion = 10.0.40219.1
Project("{FAE04EC0-301F-11D3-BF4B-00C04F79EFBC}") = "TrabajoPracticoN°1", "TrabajoPracticoN°1\TrabajoPracticoN°1.csproj", "{5A95C389-3DE8-4FD4-989E-42E1EFE7E1E9}"
EndProject
Global
	GlobalSection(SolutionConfigurationPlatforms) = preSolution
		Debug|Any CPU = Debug|Any CPU
		Release|Any CPU = Release|Any CPU
	EndGlobalSection
	GlobalSection(ProjectConfigurationPlatforms) = postSolution
		{5A95C389-3DE8-4FD4-989E-42E1EFE7E1E9}.Debug|Any CPU.ActiveCfg = Debug|Any CPU
		{5A95C389-3DE8-4FD4-989E-42E1EFE7E1E9}.Debug|Any CPU.Build.0 = Debug|Any CPU
		{5A95C389-3DE8-4FD4-989E-42E1EFE7E1E9}.Release|Any CPU.ActiveCfg = Release|Any CPU
		{5A95C389-3DE8-4FD4-989E-42E1EFE7E1E9}.Release|Any CPU.Build.0 = Release|Any CPU
	EndGlobalSection
	GlobalSection(SolutionProperties) = preSolution
		HideSolutionNode = FALSE
	EndGlobalSection
	GlobalSection(ExtensibilityGlobals) = postSolution
		SolutionGuid = {C7AD8157-042F-4580-8030-886C9602BC04}
	EndGlobalSection
EndGlobal
